
Microsoft Visual Studio Solution File, Format Version 12.00
# Visual Studio 2013
VisualStudioVersion = 12.0.40629.0
MinimumVisualStudioVersion = 10.0.40219.1
Project("{FAE04EC0-301F-11D3-BF4B-00C04F79EFBC}") = "WFView", "MP3Tagger\WFView.csproj", "{05AC163B-007E-4A4E-B2E0-8A51453FE10F}"
EndProject
Project("{FAE04EC0-301F-11D3-BF4B-00C04F79EFBC}") = "BusinessLogic", "BusinessLogic\BusinessLogic.csproj", "{B2D77E0D-29A6-49AD-B7BA-93CF89B32E15}"
EndProject
Global
	GlobalSection(SolutionConfigurationPlatforms) = preSolution
		Debug|Any CPU = Debug|Any CPU
		Release|Any CPU = Release|Any CPU
	EndGlobalSection
	GlobalSection(ProjectConfigurationPlatforms) = postSolution
		{05AC163B-007E-4A4E-B2E0-8A51453FE10F}.Debug|Any CPU.ActiveCfg = Debug|Any CPU
		{05AC163B-007E-4A4E-B2E0-8A51453FE10F}.Debug|Any CPU.Build.0 = Debug|Any CPU
		{05AC163B-007E-4A4E-B2E0-8A51453FE10F}.Release|Any CPU.ActiveCfg = Release|Any CPU
		{05AC163B-007E-4A4E-B2E0-8A51453FE10F}.Release|Any CPU.Build.0 = Release|Any CPU
		{B2D77E0D-29A6-49AD-B7BA-93CF89B32E15}.Debug|Any CPU.ActiveCfg = Debug|Any CPU
		{B2D77E0D-29A6-49AD-B7BA-93CF89B32E15}.Debug|Any CPU.Build.0 = Debug|Any CPU
		{B2D77E0D-29A6-49AD-B7BA-93CF89B32E15}.Release|Any CPU.ActiveCfg = Release|Any CPU
		{B2D77E0D-29A6-49AD-B7BA-93CF89B32E15}.Release|Any CPU.Build.0 = Release|Any CPU
	EndGlobalSection
	GlobalSection(SolutionProperties) = preSolution
		HideSolutionNode = FALSE
	EndGlobalSection
EndGlobal
